// !$*UTF8*$!
{
	archiveVersion = 1;
	classes = {
	};
	objectVersion = 46;
	objects = {

/* Begin PBXBuildFile section */
		CF948B9AB7B678E4B96E35AF /* Pods_ToDo_pawanpreet300916703.framework in Frameworks */ = {isa = PBXBuildFile; fileRef = A0EA8E7486C6C138B51A8054 /* Pods_ToDo_pawanpreet300916703.framework */; };
		D0041F371E5BA6AE00A553D2 /* pojo.swift in Sources */ = {isa = PBXBuildFile; fileRef = D0041F361E5BA6AE00A553D2 /* pojo.swift */; };
		D0041F391E5BADCA00A553D2 /* TableViewController.swift in Sources */ = {isa = PBXBuildFile; fileRef = D0041F381E5BADCA00A553D2 /* TableViewController.swift */; };
		D0041F3B1E5BAF2200A553D2 /* TableViewCell.swift in Sources */ = {isa = PBXBuildFile; fileRef = D0041F3A1E5BAF2200A553D2 /* TableViewCell.swift */; };
		D0041F3E1E5BB79200A553D2 /* Main.storyboard in Resources */ = {isa = PBXBuildFile; fileRef = D0041F3C1E5BB79200A553D2 /* Main.storyboard */; };
		D0041F401E5BBE5900A553D2 /* update.swift in Sources */ = {isa = PBXBuildFile; fileRef = D0041F3F1E5BBE5900A553D2 /* update.swift */; };
		D00A75E31E5B8A71005F278C /* AppDelegate.swift in Sources */ = {isa = PBXBuildFile; fileRef = D00A75E21E5B8A71005F278C /* AppDelegate.swift */; };
		D00A75E51E5B8A71005F278C /* ViewController.swift in Sources */ = {isa = PBXBuildFile; fileRef = D00A75E41E5B8A71005F278C /* ViewController.swift */; };
		D00A75EB1E5B8A71005F278C /* ToDo_pawanpreet300916703.xcdatamodeld in Sources */ = {isa = PBXBuildFile; fileRef = D00A75E91E5B8A71005F278C /* ToDo_pawanpreet300916703.xcdatamodeld */; };
		D00A75ED1E5B8A71005F278C /* Assets.xcassets in Resources */ = {isa = PBXBuildFile; fileRef = D00A75EC1E5B8A71005F278C /* Assets.xcassets */; };
		D00A75F01E5B8A71005F278C /* LaunchScreen.storyboard in Resources */ = {isa = PBXBuildFile; fileRef = D00A75EE1E5B8A71005F278C /* LaunchScreen.storyboard */; };
		D00A75F81E5B8C1E005F278C /* GoogleService-Info.plist in Resources */ = {isa = PBXBuildFile; fileRef = D00A75F71E5B8C1E005F278C /* GoogleService-Info.plist */; };
/* End PBXBuildFile section */

/* Begin PBXFileReference section */
		1DAB875B88774F21055EB409 /* Pods-ToDo_pawanpreet300916703.debug.xcconfig */ = {isa = PBXFileReference; includeInIndex = 1; lastKnownFileType = text.xcconfig; name = "Pods-ToDo_pawanpreet300916703.debug.xcconfig"; path = "Pods/Target Support Files/Pods-ToDo_pawanpreet300916703/Pods-ToDo_pawanpreet300916703.debug.xcconfig"; sourceTree = "<group>"; };
		92EDFE8B02CC1138564351CC /* Pods-ToDo_pawanpreet300916703.release.xcconfig */ = {isa = PBXFileReference; includeInIndex = 1; lastKnownFileType = text.xcconfig; name = "Pods-ToDo_pawanpreet300916703.release.xcconfig"; path = "Pods/Target Support Files/Pods-ToDo_pawanpreet300916703/Pods-ToDo_pawanpreet300916703.release.xcconfig"; sourceTree = "<group>"; };
		A0EA8E7486C6C138B51A8054 /* Pods_ToDo_pawanpreet300916703.framework */ = {isa = PBXFileReference; explicitFileType = wrapper.framework; includeInIndex = 0; path = Pods_ToDo_pawanpreet300916703.framework; sourceTree = BUILT_PRODUCTS_DIR; };
		D0041F361E5BA6AE00A553D2 /* pojo.swift */ = {isa = PBXFileReference; fileEncoding = 4; lastKnownFileType = sourcecode.swift; path = pojo.swift; sourceTree = "<group>"; };
		D0041F381E5BADCA00A553D2 /* TableViewController.swift */ = {isa = PBXFileReference; fileEncoding = 4; lastKnownFileType = sourcecode.swift; path = TableViewController.swift; sourceTree = "<group>"; };
		D0041F3A1E5BAF2200A553D2 /* TableViewCell.swift */ = {isa = PBXFileReference; fileEncoding = 4; lastKnownFileType = sourcecode.swift; path = TableViewCell.swift; sourceTree = "<group>"; };
		D0041F3D1E5BB79200A553D2 /* Base */ = {isa = PBXFileReference; lastKnownFileType = file.storyboard; name = Base; path = ToDo_pawanpreet300916703/Base.lproj/Main.storyboard; sourceTree = "<group>"; };
		D0041F3F1E5BBE5900A553D2 /* update.swift */ = {isa = PBXFileReference; fileEncoding = 4; lastKnownFileType = sourcecode.swift; path = update.swift; sourceTree = "<group>"; };
		D00A75DF1E5B8A71005F278C /* ToDo_pawanpreet300916703.app */ = {isa = PBXFileReference; explicitFileType = wrapper.application; includeInIndex = 0; path = ToDo_pawanpreet300916703.app; sourceTree = BUILT_PRODUCTS_DIR; };
		D00A75E21E5B8A71005F278C /* AppDelegate.swift */ = {isa = PBXFileReference; lastKnownFileType = sourcecode.swift; path = AppDelegate.swift; sourceTree = "<group>"; };
		D00A75E41E5B8A71005F278C /* ViewController.swift */ = {isa = PBXFileReference; lastKnownFileType = sourcecode.swift; path = ViewController.swift; sourceTree = "<group>"; };
		D00A75EA1E5B8A71005F278C /* ToDo_pawanpreet300916703.xcdatamodel */ = {isa = PBXFileReference; lastKnownFileType = wrapper.xcdatamodel; path = ToDo_pawanpreet300916703.xcdatamodel; sourceTree = "<group>"; };
		D00A75EC1E5B8A71005F278C /* Assets.xcassets */ = {isa = PBXFileReference; lastKnownFileType = folder.assetcatalog; path = Assets.xcassets; sourceTree = "<group>"; };
		D00A75EF1E5B8A71005F278C /* Base */ = {isa = PBXFileReference; lastKnownFileType = file.storyboard; name = Base; path = Base.lproj/LaunchScreen.storyboard; sourceTree = "<group>"; };
		D00A75F11E5B8A72005F278C /* Info.plist */ = {isa = PBXFileReference; lastKnownFileType = text.plist.xml; path = Info.plist; sourceTree = "<group>"; };
		D00A75F71E5B8C1E005F278C /* GoogleService-Info.plist */ = {isa = PBXFileReference; fileEncoding = 4; lastKnownFileType = text.plist.xml; path = "GoogleService-Info.plist"; sourceTree = "<group>"; };
/* End PBXFileReference section */

/* Begin PBXFrameworksBuildPhase section */
		D00A75DC1E5B8A71005F278C /* Frameworks */ = {
			isa = PBXFrameworksBuildPhase;
			buildActionMask = 2147483647;
			files = (
				CF948B9AB7B678E4B96E35AF /* Pods_ToDo_pawanpreet300916703.framework in Frameworks */,
			);
			runOnlyForDeploymentPostprocessing = 0;
		};
/* End PBXFrameworksBuildPhase section */

/* Begin PBXGroup section */
		226578238A4AAF387EC98D84 /* Pods */ = {
			isa = PBXGroup;
			children = (
				1DAB875B88774F21055EB409 /* Pods-ToDo_pawanpreet300916703.debug.xcconfig */,
				92EDFE8B02CC1138564351CC /* Pods-ToDo_pawanpreet300916703.release.xcconfig */,
			);
			name = Pods;
			sourceTree = "<group>";
		};
		5B63CA07D4203E7EF7A9F898 /* Frameworks */ = {
			isa = PBXGroup;
			children = (
				A0EA8E7486C6C138B51A8054 /* Pods_ToDo_pawanpreet300916703.framework */,
			);
			name = Frameworks;
			sourceTree = "<group>";
		};
		D00A75D61E5B8A71005F278C = {
			isa = PBXGroup;
			children = (
				D00A75E11E5B8A71005F278C /* ToDo_pawanpreet300916703 */,
				D00A75E01E5B8A71005F278C /* Products */,
				226578238A4AAF387EC98D84 /* Pods */,
				5B63CA07D4203E7EF7A9F898 /* Frameworks */,
			);
			sourceTree = "<group>";
		};
		D00A75E01E5B8A71005F278C /* Products */ = {
			isa = PBXGroup;
			children = (
				D00A75DF1E5B8A71005F278C /* ToDo_pawanpreet300916703.app */,
			);
			name = Products;
			sourceTree = "<group>";
		};
		D00A75E11E5B8A71005F278C /* ToDo_pawanpreet300916703 */ = {
			isa = PBXGroup;
			children = (
				D0041F3C1E5BB79200A553D2 /* Main.storyboard */,
				D00A75E21E5B8A71005F278C /* AppDelegate.swift */,
				D00A75E41E5B8A71005F278C /* ViewController.swift */,
				D00A75EC1E5B8A71005F278C /* Assets.xcassets */,
				D00A75EE1E5B8A71005F278C /* LaunchScreen.storyboard */,
				D00A75F11E5B8A72005F278C /* Info.plist */,
				D00A75F71E5B8C1E005F278C /* GoogleService-Info.plist */,
				D00A75E91E5B8A71005F278C /* ToDo_pawanpreet300916703.xcdatamodeld */,
				D0041F361E5BA6AE00A553D2 /* pojo.swift */,
				D0041F381E5BADCA00A553D2 /* TableViewController.swift */,
				D0041F3A1E5BAF2200A553D2 /* TableViewCell.swift */,
				D0041F3F1E5BBE5900A553D2 /* update.swift */,
			);
			path = ToDo_pawanpreet300916703;
			sourceTree = "<group>";
		};
/* End PBXGroup section */

/* Begin PBXNativeTarget section */
		D00A75DE1E5B8A71005F278C /* ToDo_pawanpreet300916703 */ = {
			isa = PBXNativeTarget;
			buildConfigurationList = D00A75F41E5B8A72005F278C /* Build configuration list for PBXNativeTarget "ToDo_pawanpreet300916703" */;
			buildPhases = (
				6EF8C0FB66F72A75151AEFCC /* [CP] Check Pods Manifest.lock */,
				D00A75DB1E5B8A71005F278C /* Sources */,
				D00A75DC1E5B8A71005F278C /* Frameworks */,
				D00A75DD1E5B8A71005F278C /* Resources */,
				4F7C1A15E4342E474C7CF2BA /* [CP] Embed Pods Frameworks */,
				1EF5903CBFCFCD1B31A05778 /* [CP] Copy Pods Resources */,
			);
			buildRules = (
			);
			dependencies = (
			);
			name = ToDo_pawanpreet300916703;
			productName = ToDo_pawanpreet300916703;
			productReference = D00A75DF1E5B8A71005F278C /* ToDo_pawanpreet300916703.app */;
			productType = "com.apple.product-type.application";
		};
/* End PBXNativeTarget section */

/* Begin PBXProject section */
		D00A75D71E5B8A71005F278C /* Project object */ = {
			isa = PBXProject;
			attributes = {
				LastSwiftUpdateCheck = 0820;
				LastUpgradeCheck = 0820;
				ORGANIZATIONNAME = "Pawanpreet kaur";
				TargetAttributes = {
					D00A75DE1E5B8A71005F278C = {
						CreatedOnToolsVersion = 8.2.1;
						ProvisioningStyle = Automatic;
					};
				};
			};
			buildConfigurationList = D00A75DA1E5B8A71005F278C /* Build configuration list for PBXProject "ToDo_pawanpreet300916703" */;
			compatibilityVersion = "Xcode 3.2";
			developmentRegion = English;
			hasScannedForEncodings = 0;
			knownRegions = (
				en,
				Base,
			);
			mainGroup = D00A75D61E5B8A71005F278C;
			productRefGroup = D00A75E01E5B8A71005F278C /* Products */;
			projectDirPath = "";
			projectRoot = "";
			targets = (
				D00A75DE1E5B8A71005F278C /* ToDo_pawanpreet300916703 */,
			);
		};
/* End PBXProject section */

/* Begin PBXResourcesBuildPhase section */
		D00A75DD1E5B8A71005F278C /* Resources */ = {
			isa = PBXResourcesBuildPhase;
			buildActionMask = 2147483647;
			files = (
				D00A75F01E5B8A71005F278C /* LaunchScreen.storyboard in Resources */,
				D00A75ED1E5B8A71005F278C /* Assets.xcassets in Resources */,
				D00A75F81E5B8C1E005F278C /* GoogleService-Info.plist in Resources */,
				D0041F3E1E5BB79200A553D2 /* Main.storyboard in Resources */,
			);
			runOnlyForDeploymentPostprocessing = 0;
		};
/* End PBXResourcesBuildPhase section */

/* Begin PBXShellScriptBuildPhase section */
		1EF5903CBFCFCD1B31A05778 /* [CP] Copy Pods Resources */ = {
			isa = PBXShellScriptBuildPhase;
			buildActionMask = 2147483647;
			files = (
			);
			inputPaths = (
			);
			name = "[CP] Copy Pods Resources";
			outputPaths = (
			);
			runOnlyForDeploymentPostprocessing = 0;
			shellPath = /bin/sh;
			shellScript = "\"${SRCROOT}/Pods/Target Support Files/Pods-ToDo_pawanpreet300916703/Pods-ToDo_pawanpreet300916703-resources.sh\"\n";
			showEnvVarsInLog = 0;
		};
		4F7C1A15E4342E474C7CF2BA /* [CP] Embed Pods Frameworks */ = {
			isa = PBXShellScriptBuildPhase;
			buildActionMask = 2147483647;
			files = (
			);
			inputPaths = (
			);
			name = "[CP] Embed Pods Frameworks";
			outputPaths = (
			);
			runOnlyForDeploymentPostprocessing = 0;
			shellPath = /bin/sh;
			shellScript = "\"${SRCROOT}/Pods/Target Support Files/Pods-ToDo_pawanpreet300916703/Pods-ToDo_pawanpreet300916703-frameworks.sh\"\n";
			showEnvVarsInLog = 0;
		};
		6EF8C0FB66F72A75151AEFCC /* [CP] Check Pods Manifest.lock */ = {
			isa = PBXShellScriptBuildPhase;
			buildActionMask = 2147483647;
			files = (
			);
			inputPaths = (
			);
			name = "[CP] Check Pods Manifest.lock";
			outputPaths = (
			);
			runOnlyForDeploymentPostprocessing = 0;
			shellPath = /bin/sh;
			shellScript = "diff \"${PODS_ROOT}/../Podfile.lock\" \"${PODS_ROOT}/Manifest.lock\" > /dev/null\nif [ $? != 0 ] ; then\n    # print error to STDERR\n    echo \"error: The sandbox is not in sync with the Podfile.lock. Run 'pod install' or update your CocoaPods installation.\" >&2\n    exit 1\nfi\n";
			showEnvVarsInLog = 0;
		};
/* End PBXShellScriptBuildPhase section */

/* Begin PBXSourcesBuildPhase section */
		D00A75DB1E5B8A71005F278C /* Sources */ = {
			isa = PBXSourcesBuildPhase;
			buildActionMask = 2147483647;
			files = (
				D00A75EB1E5B8A71005F278C /* ToDo_pawanpreet300916703.xcdatamodeld in Sources */,
				D0041F401E5BBE5900A553D2 /* update.swift in Sources */,
				D0041F371E5BA6AE00A553D2 /* pojo.swift in Sources */,
				D00A75E51E5B8A71005F278C /* ViewController.swift in Sources */,
				D0041F3B1E5BAF2200A553D2 /* TableViewCell.swift in Sources */,
				D0041F391E5BADCA00A553D2 /* TableViewController.swift in Sources */,
				D00A75E31E5B8A71005F278C /* AppDelegate.swift in Sources */,
			);
			runOnlyForDeploymentPostprocessing = 0;
		};
/* End PBXSourcesBuildPhase section */

/* Begin PBXVariantGroup section */
		D0041F3C1E5BB79200A553D2 /* Main.storyboard */ = {
			isa = PBXVariantGroup;
			children = (
				D0041F3D1E5BB79200A553D2 /* Base */,
			);
			name = Main.storyboard;
			path = ..;
			sourceTree = "<group>";
		};
		D00A75EE1E5B8A71005F278C /* LaunchScreen.storyboard */ = {
			isa = PBXVariantGroup;
			children = (
				D00A75EF1E5B8A71005F278C /* Base */,
			);
			name = LaunchScreen.storyboard;
			sourceTree = "<group>";
		};
/* End PBXVariantGroup section */

/* Begin XCBuildConfiguration section */
		D00A75F21E5B8A72005F278C /* Debug */ = {
			isa = XCBuildConfiguration;
			buildSettings = {
				ALWAYS_SEARCH_USER_PATHS = NO;
				CLANG_ANALYZER_NONNULL = YES;
				CLANG_CXX_LANGUAGE_STANDARD = "gnu++0x";
				CLANG_CXX_LIBRARY = "libc++";
				CLANG_ENABLE_MODULES = YES;
				CLANG_ENABLE_OBJC_ARC = YES;
				CLANG_WARN_BOOL_CONVERSION = YES;
				CLANG_WARN_CONSTANT_CONVERSION = YES;
				CLANG_WARN_DIRECT_OBJC_ISA_USAGE = YES_ERROR;
				CLANG_WARN_DOCUMENTATION_COMMENTS = YES;
				CLANG_WARN_EMPTY_BODY = YES;
				CLANG_WARN_ENUM_CONVERSION = YES;
				CLANG_WARN_INFINITE_RECURSION = YES;
				CLANG_WARN_INT_CONVERSION = YES;
				CLANG_WARN_OBJC_ROOT_CLASS = YES_ERROR;
				CLANG_WARN_SUSPICIOUS_MOVE = YES;
				CLANG_WARN_UNREACHABLE_CODE = YES;
				CLANG_WARN__DUPLICATE_METHOD_MATCH = YES;
				"CODE_SIGN_IDENTITY[sdk=iphoneos*]" = "iPhone Developer";
				COPY_PHASE_STRIP = NO;
				DEBUG_INFORMATION_FORMAT = dwarf;
				ENABLE_STRICT_OBJC_MSGSEND = YES;
				ENABLE_TESTABILITY = YES;
				GCC_C_LANGUAGE_STANDARD = gnu99;
				GCC_DYNAMIC_NO_PIC = NO;
				GCC_NO_COMMON_BLOCKS = YES;
				GCC_OPTIMIZATION_LEVEL = 0;
				GCC_PREPROCESSOR_DEFINITIONS = (
					"DEBUG=1",
					"$(inherited)",
				);
				GCC_WARN_64_TO_32_BIT_CONVERSION = YES;
				GCC_WARN_ABOUT_RETURN_TYPE = YES_ERROR;
				GCC_WARN_UNDECLARED_SELECTOR = YES;
				GCC_WARN_UNINITIALIZED_AUTOS = YES_AGGRESSIVE;
				GCC_WARN_UNUSED_FUNCTION = YES;
				GCC_WARN_UNUSED_VARIABLE = YES;
				IPHONEOS_DEPLOYMENT_TARGET = 10.2;
				MTL_ENABLE_DEBUG_INFO = YES;
				ONLY_ACTIVE_ARCH = YES;
				SDKROOT = iphoneos;
				SWIFT_ACTIVE_COMPILATION_CONDITIONS = DEBUG;
				SWIFT_OPTIMIZATION_LEVEL = "-Onone";
			};
			name = Debug;
		};
		D00A75F31E5B8A72005F278C /* Release */ = {
			isa = XCBuildConfiguration;
			buildSettings = {
				ALWAYS_SEARCH_USER_PATHS = NO;
				CLANG_ANALYZER_NONNULL = YES;
				CLANG_CXX_LANGUAGE_STANDARD = "gnu++0x";
				CLANG_CXX_LIBRARY = "libc++";
				CLANG_ENABLE_MODULES = YES;
				CLANG_ENABLE_OBJC_ARC = YES;
				CLANG_WARN_BOOL_CONVERSION = YES;
				CLANG_WARN_CONSTANT_CONVERSION = YES;
				CLANG_WARN_DIRECT_OBJC_ISA_USAGE = YES_ERROR;
				CLANG_WARN_DOCUMENTATION_COMMENTS = YES;
				CLANG_WARN_EMPTY_BODY = YES;
				CLANG_WARN_ENUM_CONVERSION = YES;
				CLANG_WARN_INFINITE_RECURSION = YES;
				CLANG_WARN_INT_CONVERSION = YES;
				CLANG_WARN_OBJC_ROOT_CLASS = YES_ERROR;
				CLANG_WARN_SUSPICIOUS_MOVE = YES;
				CLANG_WARN_UNREACHABLE_CODE = YES;
				CLANG_WARN__DUPLICATE_METHOD_MATCH = YES;
				"CODE_SIGN_IDENTITY[sdk=iphoneos*]" = "iPhone Developer";
				COPY_PHASE_STRIP = NO;
				DEBUG_INFORMATION_FORMAT = "dwarf-with-dsym";
				ENABLE_NS_ASSERTIONS = NO;
				ENABLE_STRICT_OBJC_MSGSEND = YES;
				GCC_C_LANGUAGE_STANDARD = gnu99;
				GCC_NO_COMMON_BLOCKS = YES;
				GCC_WARN_64_TO_32_BIT_CONVERSION = YES;
				GCC_WARN_ABOUT_RETURN_TYPE = YES_ERROR;
				GCC_WARN_UNDECLARED_SELECTOR = YES;
				GCC_WARN_UNINITIALIZED_AUTOS = YES_AGGRESSIVE;
				GCC_WARN_UNUSED_FUNCTION = YES;
				GCC_WARN_UNUSED_VARIABLE = YES;
				IPHONEOS_DEPLOYMENT_TARGET = 10.2;
				MTL_ENABLE_DEBUG_INFO = NO;
				SDKROOT = iphoneos;
				SWIFT_OPTIMIZATION_LEVEL = "-Owholemodule";
				VALIDATE_PRODUCT = YES;
			};
			name = Release;
		};
		D00A75F51E5B8A72005F278C /* Debug */ = {
			isa = XCBuildConfiguration;
			baseConfigurationReference = 1DAB875B88774F21055EB409 /* Pods-ToDo_pawanpreet300916703.debug.xcconfig */;
			buildSettings = {
				ASSETCATALOG_COMPILER_APPICON_NAME = AppIcon;
				INFOPLIST_FILE = ToDo_pawanpreet300916703/Info.plist;
				LD_RUNPATH_SEARCH_PATHS = "$(inherited) @executable_path/Frameworks";
				PRODUCT_BUNDLE_IDENTIFIER = "com.300916703.firebase.ToDo-pawanpreet300916703";
				PRODUCT_NAME = "$(TARGET_NAME)";
				SWIFT_VERSION = 3.0;
			};
			name = Debug;
		};
		D00A75F61E5B8A72005F278C /* Release */ = {
			isa = XCBuildConfiguration;
			baseConfigurationReference = 92EDFE8B02CC1138564351CC /* Pods-ToDo_pawanpreet300916703.release.xcconfig */;
			buildSettings = {
				ASSETCATALOG_COMPILER_APPICON_NAME = AppIcon;
				INFOPLIST_FILE = ToDo_pawanpreet300916703/Info.plist;
				LD_RUNPATH_SEARCH_PATHS = "$(inherited) @executable_path/Frameworks";
				PRODUCT_BUNDLE_IDENTIFIER = "com.300916703.firebase.ToDo-pawanpreet300916703";
				PRODUCT_NAME = "$(TARGET_NAME)";
				SWIFT_VERSION = 3.0;
			};
			name = Release;
		};
/* End XCBuildConfiguration section */

/* Begin XCConfigurationList section */
		D00A75DA1E5B8A71005F278C /* Build configuration list for PBXProject "ToDo_pawanpreet300916703" */ = {
			isa = XCConfigurationList;
			buildConfigurations = (
				D00A75F21E5B8A72005F278C /* Debug */,
				D00A75F31E5B8A72005F278C /* Release */,
			);
			defaultConfigurationIsVisible = 0;
			defaultConfigurationName = Release;
		};
		D00A75F41E5B8A72005F278C /* Build configuration list for PBXNativeTarget "ToDo_pawanpreet300916703" */ = {
			isa = XCConfigurationList;
			buildConfigurations = (
				D00A75F51E5B8A72005F278C /* Debug */,
				D00A75F61E5B8A72005F278C /* Release */,
			);
			defaultConfigurationIsVisible = 0;
			defaultConfigurationName = Release;
		};
/* End XCConfigurationList section */

/* Begin XCVersionGroup section */
		D00A75E91E5B8A71005F278C /* ToDo_pawanpreet300916703.xcdatamodeld */ = {
			isa = XCVersionGroup;
			children = (
				D00A75EA1E5B8A71005F278C /* ToDo_pawanpreet300916703.xcdatamodel */,
			);
			currentVersion = D00A75EA1E5B8A71005F278C /* ToDo_pawanpreet300916703.xcdatamodel */;
			path = ToDo_pawanpreet300916703.xcdatamodeld;
			sourceTree = "<group>";
			versionGroupType = wrapper.xcdatamodel;
		};
/* End XCVersionGroup section */
	};
	rootObject = D00A75D71E5B8A71005F278C /* Project object */;
}
